
Microsoft Visual Studio Solution File, Format Version 12.00
# Visual Studio Version 17
VisualStudioVersion = 17.10.35027.167
MinimumVisualStudioVersion = 10.0.40219.1
Project("{FAE04EC0-301F-11D3-BF4B-00C04F79EFBC}") = "DivTeleport", "DivTeleport\DivTeleport.csproj", "{3A90DCC6-B9AF-4854-AD26-FDA57EB0D9FF}"
EndProject
Global
	GlobalSection(SolutionConfigurationPlatforms) = preSolution
		Debug|Any CPU = Debug|Any CPU
		Release|Any CPU = Release|Any CPU
	EndGlobalSection
	GlobalSection(ProjectConfigurationPlatforms) = postSolution
		{3A90DCC6-B9AF-4854-AD26-FDA57EB0D9FF}.Debug|Any CPU.ActiveCfg = Debug|Any CPU
		{3A90DCC6-B9AF-4854-AD26-FDA57EB0D9FF}.Debug|Any CPU.Build.0 = Debug|Any CPU
		{3A90DCC6-B9AF-4854-AD26-FDA57EB0D9FF}.Release|Any CPU.ActiveCfg = Release|Any CPU
		{3A90DCC6-B9AF-4854-AD26-FDA57EB0D9FF}.Release|Any CPU.Build.0 = Release|Any CPU
	EndGlobalSection
	GlobalSection(SolutionProperties) = preSolution
		HideSolutionNode = FALSE
	EndGlobalSection
	GlobalSection(ExtensibilityGlobals) = postSolution
		SolutionGuid = {9DE310C4-1CAD-4377-98DA-CD512840A945}
	EndGlobalSection
EndGlobal
